
Microsoft Visual Studio Solution File, Format Version 12.00
# Visual Studio Version 17
VisualStudioVersion = 17.3.32901.215
MinimumVisualStudioVersion = 10.0.40219.1
Project("{FAE04EC0-301F-11D3-BF4B-00C04F79EFBC}") = "prEstructuraIterativaDoWhile", "prEstructuraIterativaDoWhile\prEstructuraIterativaDoWhile.csproj", "{94BA57CA-03C0-46EB-AEAB-392E8FF0DD15}"
EndProject
Global
	GlobalSection(SolutionConfigurationPlatforms) = preSolution
		Debug|Any CPU = Debug|Any CPU
		Release|Any CPU = Release|Any CPU
	EndGlobalSection
	GlobalSection(ProjectConfigurationPlatforms) = postSolution
		{94BA57CA-03C0-46EB-AEAB-392E8FF0DD15}.Debug|Any CPU.ActiveCfg = Debug|Any CPU
		{94BA57CA-03C0-46EB-AEAB-392E8FF0DD15}.Debug|Any CPU.Build.0 = Debug|Any CPU
		{94BA57CA-03C0-46EB-AEAB-392E8FF0DD15}.Release|Any CPU.ActiveCfg = Release|Any CPU
		{94BA57CA-03C0-46EB-AEAB-392E8FF0DD15}.Release|Any CPU.Build.0 = Release|Any CPU
	EndGlobalSection
	GlobalSection(SolutionProperties) = preSolution
		HideSolutionNode = FALSE
	EndGlobalSection
	GlobalSection(ExtensibilityGlobals) = postSolution
		SolutionGuid = {6597F737-23C9-4667-91D3-FFB558AC253A}
	EndGlobalSection
EndGlobal
